
Microsoft Visual Studio Solution File, Format Version 12.00
# Visual Studio Version 17
VisualStudioVersion = 17.9.34607.119
MinimumVisualStudioVersion = 10.0.40219.1
Project("{9A19103F-16F7-4668-BE54-9A1E7A4F7556}") = "001.ValidUsernames", "001.ValidUsernames\001.ValidUsernames.csproj", "{B8CBA3D4-9A43-4262-8424-5F05081FDE7C}"
EndProject
Project("{FAE04EC0-301F-11D3-BF4B-00C04F79EFBC}") = "002.CharacterMultiplier", "002.CharacterMultiplier\002.CharacterMultiplier.csproj", "{35264EE5-C38F-40AB-A59E-38993DD22EF4}"
EndProject
Project("{FAE04EC0-301F-11D3-BF4B-00C04F79EFBC}") = "003.ExtractFile", "003.ExtractFile\003.ExtractFile.csproj", "{6ECBD7CD-5D48-47BB-A82E-6822AA846851}"
EndProject
Project("{FAE04EC0-301F-11D3-BF4B-00C04F79EFBC}") = "004.CaesarCipher", "004.CaesarCipher\004.CaesarCipher.csproj", "{BD74B78D-ED86-4CE1-BFE1-0EAD080D6AF9}"
EndProject
Project("{FAE04EC0-301F-11D3-BF4B-00C04F79EFBC}") = "005.MultiplyBigNumber", "005.MultiplyBigNumber\005.MultiplyBigNumber.csproj", "{8E37E0B6-8EA2-422C-B489-821B5C664C53}"
EndProject
Project("{FAE04EC0-301F-11D3-BF4B-00C04F79EFBC}") = "006.ReplaceRepeatingChars", "006.ReplaceRepeatingChars\006.ReplaceRepeatingChars.csproj", "{5A833B87-6DF9-43D7-999E-7FE77179F761}"
EndProject
Project("{FAE04EC0-301F-11D3-BF4B-00C04F79EFBC}") = "007.StringExplosion", "007.StringExplosion\007.StringExplosion.csproj", "{0A439CA4-4681-4532-86A3-AFDCB078B422}"
EndProject
Global
	GlobalSection(SolutionConfigurationPlatforms) = preSolution
		Debug|Any CPU = Debug|Any CPU
		Release|Any CPU = Release|Any CPU
	EndGlobalSection
	GlobalSection(ProjectConfigurationPlatforms) = postSolution
		{B8CBA3D4-9A43-4262-8424-5F05081FDE7C}.Debug|Any CPU.ActiveCfg = Debug|Any CPU
		{B8CBA3D4-9A43-4262-8424-5F05081FDE7C}.Debug|Any CPU.Build.0 = Debug|Any CPU
		{B8CBA3D4-9A43-4262-8424-5F05081FDE7C}.Release|Any CPU.ActiveCfg = Release|Any CPU
		{B8CBA3D4-9A43-4262-8424-5F05081FDE7C}.Release|Any CPU.Build.0 = Release|Any CPU
		{35264EE5-C38F-40AB-A59E-38993DD22EF4}.Debug|Any CPU.ActiveCfg = Debug|Any CPU
		{35264EE5-C38F-40AB-A59E-38993DD22EF4}.Debug|Any CPU.Build.0 = Debug|Any CPU
		{35264EE5-C38F-40AB-A59E-38993DD22EF4}.Release|Any CPU.ActiveCfg = Release|Any CPU
		{35264EE5-C38F-40AB-A59E-38993DD22EF4}.Release|Any CPU.Build.0 = Release|Any CPU
		{6ECBD7CD-5D48-47BB-A82E-6822AA846851}.Debug|Any CPU.ActiveCfg = Debug|Any CPU
		{6ECBD7CD-5D48-47BB-A82E-6822AA846851}.Debug|Any CPU.Build.0 = Debug|Any CPU
		{6ECBD7CD-5D48-47BB-A82E-6822AA846851}.Release|Any CPU.ActiveCfg = Release|Any CPU
		{6ECBD7CD-5D48-47BB-A82E-6822AA846851}.Release|Any CPU.Build.0 = Release|Any CPU
		{BD74B78D-ED86-4CE1-BFE1-0EAD080D6AF9}.Debug|Any CPU.ActiveCfg = Debug|Any CPU
		{BD74B78D-ED86-4CE1-BFE1-0EAD080D6AF9}.Debug|Any CPU.Build.0 = Debug|Any CPU
		{BD74B78D-ED86-4CE1-BFE1-0EAD080D6AF9}.Release|Any CPU.ActiveCfg = Release|Any CPU
		{BD74B78D-ED86-4CE1-BFE1-0EAD080D6AF9}.Release|Any CPU.Build.0 = Release|Any CPU
		{8E37E0B6-8EA2-422C-B489-821B5C664C53}.Debug|Any CPU.ActiveCfg = Debug|Any CPU
		{8E37E0B6-8EA2-422C-B489-821B5C664C53}.Debug|Any CPU.Build.0 = Debug|Any CPU
		{8E37E0B6-8EA2-422C-B489-821B5C664C53}.Release|Any CPU.ActiveCfg = Release|Any CPU
		{8E37E0B6-8EA2-422C-B489-821B5C664C53}.Release|Any CPU.Build.0 = Release|Any CPU
		{5A833B87-6DF9-43D7-999E-7FE77179F761}.Debug|Any CPU.ActiveCfg = Debug|Any CPU
		{5A833B87-6DF9-43D7-999E-7FE77179F761}.Debug|Any CPU.Build.0 = Debug|Any CPU
		{5A833B87-6DF9-43D7-999E-7FE77179F761}.Release|Any CPU.ActiveCfg = Release|Any CPU
		{5A833B87-6DF9-43D7-999E-7FE77179F761}.Release|Any CPU.Build.0 = Release|Any CPU
		{0A439CA4-4681-4532-86A3-AFDCB078B422}.Debug|Any CPU.ActiveCfg = Debug|Any CPU
		{0A439CA4-4681-4532-86A3-AFDCB078B422}.Debug|Any CPU.Build.0 = Debug|Any CPU
		{0A439CA4-4681-4532-86A3-AFDCB078B422}.Release|Any CPU.ActiveCfg = Release|Any CPU
		{0A439CA4-4681-4532-86A3-AFDCB078B422}.Release|Any CPU.Build.0 = Release|Any CPU
	EndGlobalSection
	GlobalSection(SolutionProperties) = preSolution
		HideSolutionNode = FALSE
	EndGlobalSection
	GlobalSection(ExtensibilityGlobals) = postSolution
		SolutionGuid = {E850B5E8-1682-459D-9E99-2B88CB79C9F4}
	EndGlobalSection
EndGlobal
